
Microsoft Visual Studio Solution File, Format Version 12.00
Project("{FAE04EC0-301F-11D3-BF4B-00C04F79EFBC}") = "ATM_Simulation", "ATM_Simulation\ATM_Simulation.csproj", "{AC01D63D-A805-4694-8196-E5D773C3208D}"
EndProject
Global
	GlobalSection(SolutionConfigurationPlatforms) = preSolution
		Debug|Any CPU = Debug|Any CPU
		Release|Any CPU = Release|Any CPU
	EndGlobalSection
	GlobalSection(ProjectConfigurationPlatforms) = postSolution
		{AC01D63D-A805-4694-8196-E5D773C3208D}.Debug|Any CPU.ActiveCfg = Debug|Any CPU
		{AC01D63D-A805-4694-8196-E5D773C3208D}.Debug|Any CPU.Build.0 = Debug|Any CPU
		{AC01D63D-A805-4694-8196-E5D773C3208D}.Release|Any CPU.ActiveCfg = Release|Any CPU
		{AC01D63D-A805-4694-8196-E5D773C3208D}.Release|Any CPU.Build.0 = Release|Any CPU
	EndGlobalSection
EndGlobal
